<?xml version="1.0" encoding="utf-8"?>
<Project ToolsVersion="4.0" xmlns="http://schemas.microsoft.com/developer/msbuild/2003">
  <ItemGroup>
    <Filter Include="Source Files">
      <UniqueIdentifier>{4FC737F1-C7A5-4376-A066-2A32D752A2FF}</UniqueIdentifier>
      <Extensions>cpp;c;cc;cxx;c++;cppm;ixx;def;odl;idl;hpj;bat;asm;asmx</Extensions>
    </Filter>
    <Filter Include="Header Files">
      <UniqueIdentifier>{93995380-89BD-4b04-88EB-625FBE52EBFB}</UniqueIdentifier>
      <Extensions>h;hh;hpp;hxx;h++;hm;inl;inc;ipp;xsd</Extensions>
    </Filter>
    <Filter Include="Resource Files">
      <UniqueIdentifier>{67DA6AB6-F800-4c08-8B7A-83BB121AAD01}</UniqueIdentifier>
      <Extensions>rc;ico;cur;bmp;dlg;rc2;rct;bin;rgs;gif;jpg;jpeg;jpe;resx;tiff;tif;png;wav;mfcribbon-ms</Extensions>
    </Filter>
  </ItemGroup>
  <ItemGroup>
    <ClCompile Include="Raytracer.cpp">
      <Filter>Source Files</Filter>
    </ClCompile>
    <ClCompile Include="microui.cpp">
      <Filter>Source Files</Filter>
    </ClCompile>
    <ClCompile Include="memory_arena.cpp">
      <Filter>Source Files</Filter>
    </ClCompile>
    <ClCompile Include="platform.cpp">
      <Filter>Source Files</Filter>
    </ClCompile>
    <ClCompile Include="robustwin32io.cpp">
      <Filter>Source Files</Filter>
    </ClCompile>
    <ClCompile Include="bvh.cpp">
      <Filter>Source Files</Filter>
    </ClCompile>
    <ClCompile Include="assets.cpp">
      <Filter>Source Files</Filter>
    </ClCompile>
    <ClCompile Include="reconstruction_filters.cpp">
      <Filter>Source Files</Filter>
    </ClCompile>
    <ClCompile Include="samplers.cpp">
      <Filter>Source Files</Filter>
    </ClCompile>
    <ClCompile Include="integrators.cpp">
      <Filter>Source Files</Filter>
    </ClCompile>
    <ClCompile Include="scene.cpp">
      <Filter>Source Files</Filter>
    </ClCompile>
    <ClCompile Include="intersection.cpp">
      <Filter>Source Files</Filter>
    </ClCompile>
  </ItemGroup>
  <ItemGroup>
    <ClInclude Include="Raytracer.h">
      <Filter>Header Files</Filter>
    </ClInclude>
    <ClInclude Include="memory_arena.h">
      <Filter>Header Files</Filter>
    </ClInclude>
    <ClInclude Include="microui.h">
      <Filter>Header Files</Filter>
    </ClInclude>
    <ClInclude Include="stretchy_buffer.h">
      <Filter>Header Files</Filter>
    </ClInclude>
    <ClInclude Include="common.h">
      <Filter>Header Files</Filter>
    </ClInclude>
    <ClInclude Include="platform.h">
      <Filter>Header Files</Filter>
    </ClInclude>
    <ClInclude Include="precomp.h">
      <Filter>Header Files</Filter>
    </ClInclude>
    <ClInclude Include="robustwin32io.h">
      <Filter>Header Files</Filter>
    </ClInclude>
    <ClInclude Include="bvh.h">
      <Filter>Header Files</Filter>
    </ClInclude>
    <ClInclude Include="primitives.h">
      <Filter>Header Files</Filter>
    </ClInclude>
    <ClInclude Include="assets.h">
      <Filter>Header Files</Filter>
    </ClInclude>
    <ClInclude Include="reconstruction_filters.h">
      <Filter>Header Files</Filter>
    </ClInclude>
    <ClInclude Include="stb_image.h">
      <Filter>Header Files</Filter>
    </ClInclude>
    <ClInclude Include="samplers.h">
      <Filter>Header Files</Filter>
    </ClInclude>
    <ClInclude Include="integrators.h">
      <Filter>Header Files</Filter>
    </ClInclude>
    <ClInclude Include="scene.h">
      <Filter>Header Files</Filter>
    </ClInclude>
    <ClInclude Include="intersection.h">
      <Filter>Header Files</Filter>
    </ClInclude>
    <ClInclude Include="about_strings.h">
      <Filter>Header Files</Filter>
    </ClInclude>
  </ItemGroup>
  <ItemGroup>
    <None Include="platform_win32.inl">
      <Filter>Header Files</Filter>
    </None>
  </ItemGroup>
</Project>